{
  "name": "authsteem-js-bridge",
  "version": "1.0.0",
  "lockfileVersion": 1,
  "requires": true,
  "dependencies": {
    "@hapi/accept": {
      "version": "3.2.2",
      "resolved": "https://registry.npm.taobao.org/@hapi/accept/download/@hapi/accept-3.2.2.tgz",
      "integrity": "sha1-OgM69nvoGWwj+PUaqHVmh7lyx8s=",
      "requires": {
        "@hapi/boom": "7.x.x",
        "@hapi/hoek": "6.x.x"
      }
    },
    "@hapi/address": {
      "version": "2.0.0",
      "resolved": "https://registry.npm.taobao.org/@hapi/address/download/@hapi/address-2.0.0.tgz",
      "integrity": "sha1-nwVGnIjLL9Pc1iR3a1TulcMSEmo="
    },
    "@hapi/ammo": {
      "version": "3.1.0",
      "resolved": "https://registry.npm.taobao.org/@hapi/ammo/download/@hapi/ammo-3.1.0.tgz",
      "integrity": "sha1-oygey2i/evL/ptD3ZWU2p9I3AO0=",
      "requires": {
        "@hapi/hoek": "6.x.x"
      }
    },
    "@hapi/b64": {
      "version": "4.2.0",
      "resolved": "https://registry.npm.taobao.org/@hapi/b64/download/@hapi/b64-4.2.0.tgz",
      "integrity": "sha1-dt4MftduVb+kJwmk+s/olN1B10E=",
      "requires": {
        "@hapi/hoek": "6.x.x"
      }
    },
    "@hapi/boom": {
      "version": "7.4.2",
      "resolved": "https://registry.npm.taobao.org/@hapi/boom/download/@hapi/boom-7.4.2.tgz",
      "integrity": "sha1-wWlXzQl5b2wb+0AxvcOdZtbXUMM=",
      "requires": {
        "@hapi/hoek": "6.x.x"
      }
    },
    "@hapi/bounce": {
      "version": "1.3.0",
      "resolved": "https://registry.npm.taobao.org/@hapi/bounce/download/@hapi/bounce-1.3.0.tgz",
      "integrity": "sha1-BZ8ZTfkFyloUEdQIA6Zl7hcFM+g=",
      "requires": {
        "@hapi/boom": "7.x.x",
        "@hapi/hoek": "6.x.x"
      }
    },
    "@hapi/bourne": {
      "version": "1.3.2",
      "resolved": "https://registry.npm.taobao.org/@hapi/bourne/download/@hapi/bourne-1.3.2.tgz",
      "integrity": "sha1-CnCVreoGckPOMoPhtWuKj0U7JCo="
    },
    "@hapi/call": {
      "version": "5.1.0",
      "resolved": "https://registry.npm.taobao.org/@hapi/call/download/@hapi/call-5.1.0.tgz",
      "integrity": "sha1-keTENDGAAxc9ltIR2Q01c2ozlF4=",
      "requires": {
        "@hapi/boom": "7.x.x",
        "@hapi/hoek": "6.x.x"
      }
    },
    "@hapi/catbox": {
      "version": "10.2.1",
      "resolved": "https://registry.npm.taobao.org/@hapi/catbox/download/@hapi/catbox-10.2.1.tgz",
      "integrity": "sha1-riH7zdFuTf+AK2lp7i1rxRt+ESg=",
      "requires": {
        "@hapi/boom": "7.x.x",
        "@hapi/hoek": "6.x.x",
        "@hapi/joi": "15.x.x",
        "@hapi/podium": "3.x.x"
      }
    },
    "@hapi/catbox-memory": {
      "version": "4.1.0",
      "resolved": "https://registry.npm.taobao.org/@hapi/catbox-memory/download/@hapi/catbox-memory-4.1.0.tgz",
      "integrity": "sha1-y1+69FxSvrRHZtrgGKKu57Q+nIg=",
      "requires": {
        "@hapi/boom": "7.x.x",
        "@hapi/hoek": "6.x.x"
      }
    },
    "@hapi/content": {
      "version": "4.1.0",
      "resolved": "https://registry.npm.taobao.org/@hapi/content/download/@hapi/content-4.1.0.tgz",
      "integrity": "sha1-UmVRaUnKCB6FpD6XwQWP9T/GlxQ=",
      "requires": {
        "@hapi/boom": "7.x.x"
      }
    },
    "@hapi/cryptiles": {
      "version": "4.2.0",
      "resolved": "https://registry.npm.taobao.org/@hapi/cryptiles/download/@hapi/cryptiles-4.2.0.tgz",
      "integrity": "sha1-0ivVr6VPPBo7lEpD2t/UxeV0f3I=",
      "requires": {
        "@hapi/boom": "7.x.x"
      }
    },
    "@hapi/hapi": {
      "version": "18.3.1",
      "resolved": "https://registry.npm.taobao.org/@hapi/hapi/download/@hapi/hapi-18.3.1.tgz",
      "integrity": "sha1-k20eJFUbEUhuq9akl0vqTsISdmk=",
      "requires": {
        "@hapi/accept": "3.x.x",
        "@hapi/ammo": "3.x.x",
        "@hapi/boom": "7.x.x",
        "@hapi/bounce": "1.x.x",
        "@hapi/call": "5.x.x",
        "@hapi/catbox": "10.x.x",
        "@hapi/catbox-memory": "4.x.x",
        "@hapi/heavy": "6.x.x",
        "@hapi/hoek": "6.x.x",
        "@hapi/joi": "15.x.x",
        "@hapi/mimos": "4.x.x",
        "@hapi/podium": "3.x.x",
        "@hapi/shot": "4.x.x",
        "@hapi/somever": "2.x.x",
        "@hapi/statehood": "6.x.x",
        "@hapi/subtext": "6.x.x",
        "@hapi/teamwork": "3.x.x",
        "@hapi/topo": "3.x.x"
      }
    },
    "@hapi/heavy": {
      "version": "6.2.0",
      "resolved": "https://registry.npm.taobao.org/@hapi/heavy/download/@hapi/heavy-6.2.0.tgz",
      "integrity": "sha1-tsMFeOHzCrbKF6gYdy8RsRFrqMw=",
      "requires": {
        "@hapi/boom": "7.x.x",
        "@hapi/hoek": "6.x.x",
        "@hapi/joi": "15.x.x"
      }
    },
    "@hapi/hoek": {
      "version": "6.2.4",
      "resolved": "https://registry.npm.taobao.org/@hapi/hoek/download/@hapi/hoek-6.2.4.tgz",
      "integrity": "sha1-S5X7rMv7qQGFaQiQvfGi+72hBZU="
    },
    "@hapi/iron": {
      "version": "5.1.0",
      "resolved": "https://registry.npm.taobao.org/@hapi/iron/download/@hapi/iron-5.1.0.tgz",
      "integrity": "sha1-w7NHg80Zt7iqvhG3KwzjeB/O4I0=",
      "requires": {
        "@hapi/b64": "4.x.x",
        "@hapi/boom": "7.x.x",
        "@hapi/cryptiles": "4.x.x",
        "@hapi/hoek": "6.x.x"
      }
    },
    "@hapi/joi": {
      "version": "15.0.3",
      "resolved": "https://registry.npm.taobao.org/@hapi/joi/download/@hapi/joi-15.0.3.tgz",
      "integrity": "sha1-6UVo/YWeXpRRJtVnXn3SGEhGOKc=",
      "requires": {
        "@hapi/address": "2.x.x",
        "@hapi/hoek": "6.x.x",
        "@hapi/topo": "3.x.x"
      }
    },
    "@hapi/mimos": {
      "version": "4.1.0",
      "resolved": "https://registry.npm.taobao.org/@hapi/mimos/download/@hapi/mimos-4.1.0.tgz",
      "integrity": "sha1-jDNFyjtwwOEOfp418OAdMUwtTjI=",
      "requires": {
        "@hapi/hoek": "6.x.x",
        "mime-db": "1.x.x"
      }
    },
    "@hapi/nigel": {
      "version": "3.1.0",
      "resolved": "https://registry.npm.taobao.org/@hapi/nigel/download/@hapi/nigel-3.1.0.tgz",
      "integrity": "sha1-iPeCIPTwIqW9HWG1lQU2eGFCVZU=",
      "requires": {
        "@hapi/hoek": "6.x.x",
        "@hapi/vise": "3.x.x"
      }
    },
    "@hapi/pez": {
      "version": "4.1.0",
      "resolved": "https://registry.npm.taobao.org/@hapi/pez/download/@hapi/pez-4.1.0.tgz",
      "integrity": "sha1-l6iOXRnnVu+9JOX1g9WfqNsdbLo=",
      "requires": {
        "@hapi/b64": "4.x.x",
        "@hapi/boom": "7.x.x",
        "@hapi/content": "4.x.x",
        "@hapi/hoek": "6.x.x",
        "@hapi/nigel": "3.x.x"
      }
    },
    "@hapi/podium": {
      "version": "3.4.0",
      "resolved": "https://registry.npm.taobao.org/@hapi/podium/download/@hapi/podium-3.4.0.tgz",
      "integrity": "sha1-NQsqk+sTuLfil+W82LH+om41lgc=",
      "requires": {
        "@hapi/hoek": "6.x.x",
        "@hapi/joi": "15.x.x"
      }
    },
    "@hapi/shot": {
      "version": "4.1.0",
      "resolved": "https://registry.npm.taobao.org/@hapi/shot/download/@hapi/shot-4.1.0.tgz",
      "integrity": "sha1-5WS/VHTZMulHvEirNf9WXU4b9Xs=",
      "requires": {
        "@hapi/hoek": "6.x.x",
        "@hapi/joi": "15.x.x"
      }
    },
    "@hapi/somever": {
      "version": "2.1.0",
      "resolved": "https://registry.npm.taobao.org/@hapi/somever/download/@hapi/somever-2.1.0.tgz",
      "integrity": "sha1-RszyqFq3djWYKvFapKKMhHcXvb8=",
      "requires": {
        "@hapi/bounce": "1.x.x",
        "@hapi/hoek": "6.x.x"
      }
    },
    "@hapi/statehood": {
      "version": "6.1.0",
      "resolved": "https://registry.npm.taobao.org/@hapi/statehood/download/@hapi/statehood-6.1.0.tgz",
      "integrity": "sha1-JoHHONgWKB1qWQKGBUyLnneRFvw=",
      "requires": {
        "@hapi/boom": "7.x.x",
        "@hapi/bounce": "1.x.x",
        "@hapi/bourne": "1.x.x",
        "@hapi/cryptiles": "4.x.x",
        "@hapi/hoek": "6.x.x",
        "@hapi/iron": "5.x.x",
        "@hapi/joi": "15.x.x"
      }
    },
    "@hapi/subtext": {
      "version": "6.1.0",
      "resolved": "https://registry.npm.taobao.org/@hapi/subtext/download/@hapi/subtext-6.1.0.tgz",
      "integrity": "sha1-WAx+DP9TR6hHkBg0bXLHU+6GEcY=",
      "requires": {
        "@hapi/boom": "7.x.x",
        "@hapi/bourne": "1.x.x",
        "@hapi/content": "4.x.x",
        "@hapi/hoek": "6.x.x",
        "@hapi/pez": "4.x.x",
        "@hapi/wreck": "15.x.x"
      }
    },
    "@hapi/teamwork": {
      "version": "3.3.1",
      "resolved": "https://registry.npm.taobao.org/@hapi/teamwork/download/@hapi/teamwork-3.3.1.tgz",
      "integrity": "sha1-tS0OxIaC3Hk5Jr1DLiLOsZyRXT8="
    },
    "@hapi/topo": {
      "version": "3.1.0",
      "resolved": "https://registry.npm.taobao.org/@hapi/topo/download/@hapi/topo-3.1.0.tgz",
      "integrity": "sha1-XEfNljfClT2xhaqVeie8sqi3pvg=",
      "requires": {
        "@hapi/hoek": "6.x.x"
      }
    },
    "@hapi/vise": {
      "version": "3.1.0",
      "resolved": "https://registry.npm.taobao.org/@hapi/vise/download/@hapi/vise-3.1.0.tgz",
      "integrity": "sha1-T6cbnnUvNeVRkRXHOkdHmnN1tEU=",
      "requires": {
        "@hapi/hoek": "6.x.x"
      }
    },
    "@hapi/wreck": {
      "version": "15.0.1",
      "resolved": "https://registry.npm.taobao.org/@hapi/wreck/download/@hapi/wreck-15.0.1.tgz",
      "integrity": "sha1-ufiBllp+ZJqP/+beJbpBlz7ShBU=",
      "requires": {
        "@hapi/boom": "7.x.x",
        "@hapi/bourne": "1.x.x",
        "@hapi/hoek": "6.x.x"
      }
    },
    "@steemit/libcrypto": {
      "version": "1.0.1",
      "resolved": "https://registry.npm.taobao.org/@steemit/libcrypto/download/@steemit/libcrypto-1.0.1.tgz",
      "integrity": "sha1-wxqz5d62Z2KBabPVTXRrAV3jGnk="
    },
    "@steemit/rpc-auth": {
      "version": "1.1.1",
      "resolved": "https://registry.npm.taobao.org/@steemit/rpc-auth/download/@steemit/rpc-auth-1.1.1.tgz",
      "integrity": "sha1-j2I56JeD0rJRtJ6eG5SGtdFn+UQ=",
      "requires": {
        "@steemit/libcrypto": "^1.0.1"
      }
    },
    "async-limiter": {
      "version": "1.0.0",
      "resolved": "https://registry.npm.taobao.org/async-limiter/download/async-limiter-1.0.0.tgz",
      "integrity": "sha1-ePrtjD0HSrgfIrTphdeehzj3IPg="
    },
    "base-x": {
      "version": "3.0.5",
      "resolved": "https://registry.npm.taobao.org/base-x/download/base-x-3.0.5.tgz",
      "integrity": "sha1-062lmv7QW5IatYHsMRLmREugeVo=",
      "requires": {
        "safe-buffer": "^5.0.1"
      }
    },
    "base64-js": {
      "version": "1.3.0",
      "resolved": "https://registry.npm.taobao.org/base64-js/download/base64-js-1.3.0.tgz",
      "integrity": "sha1-yrHmEY8FEJXli1KBrqjBzSK/wOM="
    },
    "bigi": {
      "version": "1.4.2",
      "resolved": "https://registry.npm.taobao.org/bigi/download/bigi-1.4.2.tgz",
      "integrity": "sha1-nGZalfiLiwj8Bc/XMfVhhZ1yWCU="
    },
    "bluebird": {
      "version": "3.5.5",
      "resolved": "https://registry.npm.taobao.org/bluebird/download/bluebird-3.5.5.tgz",
      "integrity": "sha1-qNCv1zJR7/u9X+OEp31zADwXpx8="
    },
    "browserify-aes": {
      "version": "1.2.0",
      "resolved": "https://registry.npm.taobao.org/browserify-aes/download/browserify-aes-1.2.0.tgz",
      "integrity": "sha1-Mmc0ZC9APavDADIJhTu3CtQo70g=",
      "requires": {
        "buffer-xor": "^1.0.3",
        "cipher-base": "^1.0.0",
        "create-hash": "^1.1.0",
        "evp_bytestokey": "^1.0.3",
        "inherits": "^2.0.1",
        "safe-buffer": "^5.0.1"
      }
    },
    "bs58": {
      "version": "4.0.1",
      "resolved": "https://registry.npm.taobao.org/bs58/download/bs58-4.0.1.tgz",
      "integrity": "sha1-vhYedsNU9veIrkBx9j806MTwpCo=",
      "requires": {
        "base-x": "^3.0.2"
      }
    },
    "buffer": {
      "version": "5.2.1",
      "resolved": "https://registry.npm.taobao.org/buffer/download/buffer-5.2.1.tgz?cache=0&other_urls=https%3A%2F%2Fregistry.npm.taobao.org%2Fbuffer%2Fdownload%2Fbuffer-5.2.1.tgz",
      "integrity": "sha1-3Vf6DxCaxZxgJHkETcp7iz0LcdY=",
      "requires": {
        "base64-js": "^1.0.2",
        "ieee754": "^1.1.4"
      }
    },
    "buffer-xor": {
      "version": "1.0.3",
      "resolved": "https://registry.npm.taobao.org/buffer-xor/download/buffer-xor-1.0.3.tgz",
      "integrity": "sha1-JuYe0UIvtw3ULm42cp7VHYVf6Nk="
    },
    "bytebuffer": {
      "version": "5.0.1",
      "resolved": "https://registry.npm.taobao.org/bytebuffer/download/bytebuffer-5.0.1.tgz",
      "integrity": "sha1-WC7qSxqHO20CCkjVjfhfC7ps/d0=",
      "requires": {
        "long": "~3"
      }
    },
    "cipher-base": {
      "version": "1.0.4",
      "resolved": "https://registry.npm.taobao.org/cipher-base/download/cipher-base-1.0.4.tgz",
      "integrity": "sha1-h2Dk7MJy9MNjUy+SbYdKriwTl94=",
      "requires": {
        "inherits": "^2.0.1",
        "safe-buffer": "^5.0.1"
      }
    },
    "create-hash": {
      "version": "1.2.0",
      "resolved": "https://registry.npm.taobao.org/create-hash/download/create-hash-1.2.0.tgz",
      "integrity": "sha1-iJB4rxGmN1a8+1m9IhmWvjqe8ZY=",
      "requires": {
        "cipher-base": "^1.0.1",
        "inherits": "^2.0.1",
        "md5.js": "^1.3.4",
        "ripemd160": "^2.0.1",
        "sha.js": "^2.4.0"
      }
    },
    "create-hmac": {
      "version": "1.1.7",
      "resolved": "https://registry.npm.taobao.org/create-hmac/download/create-hmac-1.1.7.tgz",
      "integrity": "sha1-aRcMeLOrlXFHsriwRXLkfq0iQ/8=",
      "requires": {
        "cipher-base": "^1.0.3",
        "create-hash": "^1.1.0",
        "inherits": "^2.0.1",
        "ripemd160": "^2.0.0",
        "safe-buffer": "^5.0.1",
        "sha.js": "^2.4.8"
      }
    },
    "cross-env": {
      "version": "5.2.0",
      "resolved": "https://registry.npm.taobao.org/cross-env/download/cross-env-5.2.0.tgz?cache=0&other_urls=https%3A%2F%2Fregistry.npm.taobao.org%2Fcross-env%2Fdownload%2Fcross-env-5.2.0.tgz",
      "integrity": "sha1-bs1MAV1Xc+YUA57lKQdmabnRJvI=",
      "requires": {
        "cross-spawn": "^6.0.5",
        "is-windows": "^1.0.0"
      }
    },
    "cross-fetch": {
      "version": "1.1.1",
      "resolved": "https://registry.npm.taobao.org/cross-fetch/download/cross-fetch-1.1.1.tgz",
      "integrity": "sha1-3t5oZa4w836uYqyQ67e9rAArBaA=",
      "requires": {
        "node-fetch": "1.7.3",
        "whatwg-fetch": "2.0.3"
      }
    },
    "cross-spawn": {
      "version": "6.0.5",
      "resolved": "https://registry.npm.taobao.org/cross-spawn/download/cross-spawn-6.0.5.tgz",
      "integrity": "sha1-Sl7Hxk364iw6FBJNus3uhG2Ay8Q=",
      "requires": {
        "nice-try": "^1.0.4",
        "path-key": "^2.0.1",
        "semver": "^5.5.0",
        "shebang-command": "^1.2.0",
        "which": "^1.2.9"
      }
    },
    "debug": {
      "version": "2.6.9",
      "resolved": "https://registry.npm.taobao.org/debug/download/debug-2.6.9.tgz",
      "integrity": "sha1-XRKFFd8TT/Mn6QpMk/Tgd6U2NB8=",
      "requires": {
        "ms": "2.0.0"
      }
    },
    "detect-node": {
      "version": "2.0.4",
      "resolved": "https://registry.npm.taobao.org/detect-node/download/detect-node-2.0.4.tgz",
      "integrity": "sha1-AU7o+PZpxcWAI9pkuBecCDooxGw="
    },
    "ecurve": {
      "version": "1.0.6",
      "resolved": "https://registry.npm.taobao.org/ecurve/download/ecurve-1.0.6.tgz",
      "integrity": "sha1-39q7txSfjYt4gWvlp9W4P89t55c=",
      "requires": {
        "bigi": "^1.1.0",
        "safe-buffer": "^5.0.1"
      }
    },
    "encoding": {
      "version": "0.1.12",
      "resolved": "https://registry.npm.taobao.org/encoding/download/encoding-0.1.12.tgz",
      "integrity": "sha1-U4tm8+5izRq1HsMjgp0flIDHS+s=",
      "requires": {
        "iconv-lite": "~0.4.13"
      }
    },
    "evp_bytestokey": {
      "version": "1.0.3",
      "resolved": "https://registry.npm.taobao.org/evp_bytestokey/download/evp_bytestokey-1.0.3.tgz",
      "integrity": "sha1-f8vbGY3HGVlDLv4ThCaE4FJaywI=",
      "requires": {
        "md5.js": "^1.3.4",
        "safe-buffer": "^5.1.1"
      }
    },
    "hash-base": {
      "version": "3.0.4",
      "resolved": "https://registry.npm.taobao.org/hash-base/download/hash-base-3.0.4.tgz",
      "integrity": "sha1-X8hoaEfs1zSZQDMZprCj8/auSRg=",
      "requires": {
        "inherits": "^2.0.1",
        "safe-buffer": "^5.0.1"
      }
    },
    "iconv-lite": {
      "version": "0.4.24",
      "resolved": "https://registry.npm.taobao.org/iconv-lite/download/iconv-lite-0.4.24.tgz",
      "integrity": "sha1-ICK0sl+93CHS9SSXSkdKr+czkIs=",
      "requires": {
        "safer-buffer": ">= 2.1.2 < 3"
      }
    },
    "ieee754": {
      "version": "1.1.13",
      "resolved": "https://registry.npm.taobao.org/ieee754/download/ieee754-1.1.13.tgz",
      "integrity": "sha1-7BaFWOlaoYH9h9N/VcMrvLZwi4Q="
    },
    "inherits": {
      "version": "2.0.4",
      "resolved": "https://registry.npm.taobao.org/inherits/download/inherits-2.0.4.tgz?cache=0&sync_timestamp=1560975547815&other_urls=https%3A%2F%2Fregistry.npm.taobao.org%2Finherits%2Fdownload%2Finherits-2.0.4.tgz",
      "integrity": "sha1-D6LGT5MpF8NDOg3tVTY6rjdBa3w="
    },
    "is-stream": {
      "version": "1.1.0",
      "resolved": "https://registry.npm.taobao.org/is-stream/download/is-stream-1.1.0.tgz",
      "integrity": "sha1-EtSj3U5o4Lec6428hBc66A2RykQ="
    },
    "is-windows": {
      "version": "1.0.2",
      "resolved": "https://registry.npm.taobao.org/is-windows/download/is-windows-1.0.2.tgz",
      "integrity": "sha1-0YUOuXkezRjmGCzhKjDzlmNLsZ0="
    },
    "isexe": {
      "version": "2.0.0",
      "resolved": "https://registry.npm.taobao.org/isexe/download/isexe-2.0.0.tgz",
      "integrity": "sha1-6PvzdNxVb/iUehDcsFctYz8s+hA="
    },
    "lodash": {
      "version": "4.17.11",
      "resolved": "https://registry.npm.taobao.org/lodash/download/lodash-4.17.11.tgz",
      "integrity": "sha1-s56mIp72B+zYniyN8SU2iRysm40="
    },
    "long": {
      "version": "3.2.0",
      "resolved": "https://registry.npm.taobao.org/long/download/long-3.2.0.tgz",
      "integrity": "sha1-2CG3E4yhy1gcFymQ7xTbIAtcR0s="
    },
    "md5.js": {
      "version": "1.3.5",
      "resolved": "https://registry.npm.taobao.org/md5.js/download/md5.js-1.3.5.tgz",
      "integrity": "sha1-tdB7jjIW4+J81yjXL3DR5qNCAF8=",
      "requires": {
        "hash-base": "^3.0.0",
        "inherits": "^2.0.1",
        "safe-buffer": "^5.1.2"
      }
    },
    "mime-db": {
      "version": "1.40.0",
      "resolved": "https://registry.npm.taobao.org/mime-db/download/mime-db-1.40.0.tgz",
      "integrity": "sha1-plBX6ZjbCQ9zKmj2wnbTh9QSbDI="
    },
    "ms": {
      "version": "2.0.0",
      "resolved": "https://registry.npm.taobao.org/ms/download/ms-2.0.0.tgz?cache=0&other_urls=https%3A%2F%2Fregistry.npm.taobao.org%2Fms%2Fdownload%2Fms-2.0.0.tgz",
      "integrity": "sha1-VgiurfwAvmwpAd9fmGF4jeDVl8g="
    },
    "nice-try": {
      "version": "1.0.5",
      "resolved": "https://registry.npm.taobao.org/nice-try/download/nice-try-1.0.5.tgz",
      "integrity": "sha1-ozeKdpbOfSI+iPybdkvX7xCJ42Y="
    },
    "node-fetch": {
      "version": "1.7.3",
      "resolved": "https://registry.npm.taobao.org/node-fetch/download/node-fetch-1.7.3.tgz",
      "integrity": "sha1-mA9vcthSEaU0fGsrwYxbhMPrR+8=",
      "requires": {
        "encoding": "^0.1.11",
        "is-stream": "^1.0.1"
      }
    },
    "path-key": {
      "version": "2.0.1",
      "resolved": "https://registry.npm.taobao.org/path-key/download/path-key-2.0.1.tgz",
      "integrity": "sha1-QRyttXTFoUDTpLGRDUDYDMn0C0A="
    },
    "retry": {
      "version": "0.12.0",
      "resolved": "https://registry.npm.taobao.org/retry/download/retry-0.12.0.tgz",
      "integrity": "sha1-G0KmJmoh8HQh0bC1S33BZ7AcATs="
    },
    "ripemd160": {
      "version": "2.0.2",
      "resolved": "https://registry.npm.taobao.org/ripemd160/download/ripemd160-2.0.2.tgz",
      "integrity": "sha1-ocGm9iR1FXe6XQeRTLyShQWFiQw=",
      "requires": {
        "hash-base": "^3.0.0",
        "inherits": "^2.0.1"
      }
    },
    "safe-buffer": {
      "version": "5.1.2",
      "resolved": "https://registry.npm.taobao.org/safe-buffer/download/safe-buffer-5.1.2.tgz",
      "integrity": "sha1-mR7GnSluAxN0fVm9/St0XDX4go0="
    },
    "safer-buffer": {
      "version": "2.1.2",
      "resolved": "https://registry.npm.taobao.org/safer-buffer/download/safer-buffer-2.1.2.tgz",
      "integrity": "sha1-RPoWGwGHuVSd2Eu5GAL5vYOFzWo="
    },
    "secure-random": {
      "version": "1.1.2",
      "resolved": "https://registry.npm.taobao.org/secure-random/download/secure-random-1.1.2.tgz",
      "integrity": "sha1-7RA7RgqFFjLUINRkSLKpAKQef3w="
    },
    "semver": {
      "version": "5.7.0",
      "resolved": "https://registry.npm.taobao.org/semver/download/semver-5.7.0.tgz?cache=0&other_urls=https%3A%2F%2Fregistry.npm.taobao.org%2Fsemver%2Fdownload%2Fsemver-5.7.0.tgz",
      "integrity": "sha1-eQp89v6lRZuslhELKbYEEtyP+Ws="
    },
    "sha.js": {
      "version": "2.4.11",
      "resolved": "https://registry.npm.taobao.org/sha.js/download/sha.js-2.4.11.tgz",
      "integrity": "sha1-N6XPC4HsvGlD3hCbopYNGyZYSuc=",
      "requires": {
        "inherits": "^2.0.1",
        "safe-buffer": "^5.0.1"
      }
    },
    "shebang-command": {
      "version": "1.2.0",
      "resolved": "https://registry.npm.taobao.org/shebang-command/download/shebang-command-1.2.0.tgz",
      "integrity": "sha1-RKrGW2lbAzmJaMOfNj/uXer98eo=",
      "requires": {
        "shebang-regex": "^1.0.0"
      }
    },
    "shebang-regex": {
      "version": "1.0.0",
      "resolved": "https://registry.npm.taobao.org/shebang-regex/download/shebang-regex-1.0.0.tgz",
      "integrity": "sha1-2kL0l0DAtC2yypcoVxyxkMmO/qM="
    },
    "steem": {
      "version": "0.7.5",
      "resolved": "https://registry.npm.taobao.org/steem/download/steem-0.7.5.tgz",
      "integrity": "sha1-0K/zE7s5+k73sPDsOK+fo9/LsSI=",
      "requires": {
        "@steemit/rpc-auth": "^1.1.1",
        "bigi": "^1.4.2",
        "bluebird": "^3.4.6",
        "browserify-aes": "^1.0.6",
        "bs58": "^4.0.0",
        "buffer": "^5.0.6",
        "bytebuffer": "^5.0.1",
        "create-hash": "^1.1.2",
        "create-hmac": "^1.1.4",
        "cross-env": "^5.0.0",
        "cross-fetch": "^1.1.1",
        "debug": "^2.6.8",
        "detect-node": "^2.0.3",
        "ecurve": "^1.0.5",
        "lodash": "^4.16.4",
        "retry": "^0.12.0",
        "secure-random": "^1.1.1",
        "ws": "^3.3.2"
      }
    },
    "ultron": {
      "version": "1.1.1",
      "resolved": "https://registry.npm.taobao.org/ultron/download/ultron-1.1.1.tgz",
      "integrity": "sha1-n+FTahCmZKZSZqHjzPhf02MCvJw="
    },
    "whatwg-fetch": {
      "version": "2.0.3",
      "resolved": "https://registry.npm.taobao.org/whatwg-fetch/download/whatwg-fetch-2.0.3.tgz",
      "integrity": "sha1-nITsLc9oGH/wC8ZOEnS0QhduHIQ="
    },
    "which": {
      "version": "1.3.1",
      "resolved": "https://registry.npm.taobao.org/which/download/which-1.3.1.tgz",
      "integrity": "sha1-pFBD1U9YBTFtqNYvn1CRjT2nCwo=",
      "requires": {
        "isexe": "^2.0.0"
      }
    },
    "ws": {
      "version": "3.3.3",
      "resolved": "https://registry.npm.taobao.org/ws/download/ws-3.3.3.tgz?cache=0&other_urls=https%3A%2F%2Fregistry.npm.taobao.org%2Fws%2Fdownload%2Fws-3.3.3.tgz",
      "integrity": "sha1-8c+E/i1ekB686U767OeF8YeiKPI=",
      "requires": {
        "async-limiter": "~1.0.0",
        "safe-buffer": "~5.1.0",
        "ultron": "~1.1.0"
      }
    }
  }
}
